
Microsoft Visual Studio Solution File, Format Version 12.00
# Visual Studio Version 17
VisualStudioVersion = 17.7.34031.279
MinimumVisualStudioVersion = 10.0.40219.1
Project("{FAE04EC0-301F-11D3-BF4B-00C04F79EFBC}") = "BFS", "BFS.csproj", "{21B02D79-8980-4A94-A17D-D3A611F7B1B6}"
EndProject
Global
	GlobalSection(SolutionConfigurationPlatforms) = preSolution
		Debug|Any CPU = Debug|Any CPU
		Release|Any CPU = Release|Any CPU
	EndGlobalSection
	GlobalSection(ProjectConfigurationPlatforms) = postSolution
		{21B02D79-8980-4A94-A17D-D3A611F7B1B6}.Debug|Any CPU.ActiveCfg = Debug|Any CPU
		{21B02D79-8980-4A94-A17D-D3A611F7B1B6}.Debug|Any CPU.Build.0 = Debug|Any CPU
		{21B02D79-8980-4A94-A17D-D3A611F7B1B6}.Release|Any CPU.ActiveCfg = Release|Any CPU
		{21B02D79-8980-4A94-A17D-D3A611F7B1B6}.Release|Any CPU.Build.0 = Release|Any CPU
	EndGlobalSection
	GlobalSection(SolutionProperties) = preSolution
		HideSolutionNode = FALSE
	EndGlobalSection
	GlobalSection(ExtensibilityGlobals) = postSolution
		SolutionGuid = {A4702989-5493-48ED-9A9F-9CD386764662}
	EndGlobalSection
EndGlobal
