
Microsoft Visual Studio Solution File, Format Version 12.00
# Visual Studio Version 17
VisualStudioVersion = 17.7.34031.279
MinimumVisualStudioVersion = 10.0.40219.1
Project("{FAE04EC0-301F-11D3-BF4B-00C04F79EFBC}") = "bubble_sort", "bubble_sort.csproj", "{C4842F36-782B-47DC-B5FC-EB6DF9F31C7B}"
EndProject
Global
	GlobalSection(SolutionConfigurationPlatforms) = preSolution
		Debug|Any CPU = Debug|Any CPU
		Release|Any CPU = Release|Any CPU
	EndGlobalSection
	GlobalSection(ProjectConfigurationPlatforms) = postSolution
		{C4842F36-782B-47DC-B5FC-EB6DF9F31C7B}.Debug|Any CPU.ActiveCfg = Debug|Any CPU
		{C4842F36-782B-47DC-B5FC-EB6DF9F31C7B}.Debug|Any CPU.Build.0 = Debug|Any CPU
		{C4842F36-782B-47DC-B5FC-EB6DF9F31C7B}.Release|Any CPU.ActiveCfg = Release|Any CPU
		{C4842F36-782B-47DC-B5FC-EB6DF9F31C7B}.Release|Any CPU.Build.0 = Release|Any CPU
	EndGlobalSection
	GlobalSection(SolutionProperties) = preSolution
		HideSolutionNode = FALSE
	EndGlobalSection
	GlobalSection(ExtensibilityGlobals) = postSolution
		SolutionGuid = {818E71F1-D2D0-4D93-AD33-C7EEAAA0CE11}
	EndGlobalSection
EndGlobal
